// !$*UTF8*$!
{
	archiveVersion = 1;
	classes = {
	};
	objectVersion = 46;
	objects = {

/* Begin PBXBuildFile section */
		F06865291AAB0698008F5DB7 /* main.m in Sources */ = {isa = PBXBuildFile; fileRef = F06865281AAB0698008F5DB7 /* main.m */; };
		F068652C1AAB0698008F5DB7 /* AppDelegate.m in Sources */ = {isa = PBXBuildFile; fileRef = F068652B1AAB0698008F5DB7 /* AppDelegate.m */; };
		F068652F1AAB0698008F5DB7 /* ViewController.m in Sources */ = {isa = PBXBuildFile; fileRef = F068652E1AAB0698008F5DB7 /* ViewController.m */; };
		F06865321AAB0698008F5DB7 /* Main.storyboard in Resources */ = {isa = PBXBuildFile; fileRef = F06865301AAB0698008F5DB7 /* Main.storyboard */; };
		F06865341AAB0698008F5DB7 /* Images.xcassets in Resources */ = {isa = PBXBuildFile; fileRef = F06865331AAB0698008F5DB7 /* Images.xcassets */; };
		F06865371AAB0698008F5DB7 /* LaunchScreen.xib in Resources */ = {isa = PBXBuildFile; fileRef = F06865351AAB0698008F5DB7 /* LaunchScreen.xib */; };
		F06865431AAB0698008F5DB7 /* LocassaTestTests.m in Sources */ = {isa = PBXBuildFile; fileRef = F06865421AAB0698008F5DB7 /* LocassaTestTests.m */; };
		F06865501AAB07FF008F5DB7 /* Box.m in Sources */ = {isa = PBXBuildFile; fileRef = F068654F1AAB07FF008F5DB7 /* Box.m */; };
		F06865551AAB09A8008F5DB7 /* UIColor+LocassaColours.m in Sources */ = {isa = PBXBuildFile; fileRef = F06865541AAB09A8008F5DB7 /* UIColor+LocassaColours.m */; };
/* End PBXBuildFile section */

/* Begin PBXContainerItemProxy section */
		F068653D1AAB0698008F5DB7 /* PBXContainerItemProxy */ = {
			isa = PBXContainerItemProxy;
			containerPortal = F068651B1AAB0698008F5DB7 /* Project object */;
			proxyType = 1;
			remoteGlobalIDString = F06865221AAB0698008F5DB7;
			remoteInfo = LocassaTest;
		};
/* End PBXContainerItemProxy section */

/* Begin PBXFileReference section */
		F06865231AAB0698008F5DB7 /* LocassaTest.app */ = {isa = PBXFileReference; explicitFileType = wrapper.application; includeInIndex = 0; path = LocassaTest.app; sourceTree = BUILT_PRODUCTS_DIR; };
		F06865271AAB0698008F5DB7 /* Info.plist */ = {isa = PBXFileReference; lastKnownFileType = text.plist.xml; path = Info.plist; sourceTree = "<group>"; };
		F06865281AAB0698008F5DB7 /* main.m */ = {isa = PBXFileReference; lastKnownFileType = sourcecode.c.objc; path = main.m; sourceTree = "<group>"; };
		F068652A1AAB0698008F5DB7 /* AppDelegate.h */ = {isa = PBXFileReference; lastKnownFileType = sourcecode.c.h; path = AppDelegate.h; sourceTree = "<group>"; };
		F068652B1AAB0698008F5DB7 /* AppDelegate.m */ = {isa = PBXFileReference; lastKnownFileType = sourcecode.c.objc; path = AppDelegate.m; sourceTree = "<group>"; };
		F068652D1AAB0698008F5DB7 /* ViewController.h */ = {isa = PBXFileReference; lastKnownFileType = sourcecode.c.h; path = ViewController.h; sourceTree = "<group>"; };
		F068652E1AAB0698008F5DB7 /* ViewController.m */ = {isa = PBXFileReference; lastKnownFileType = sourcecode.c.objc; path = ViewController.m; sourceTree = "<group>"; };
		F06865311AAB0698008F5DB7 /* Base */ = {isa = PBXFileReference; lastKnownFileType = file.storyboard; name = Base; path = Base.lproj/Main.storyboard; sourceTree = "<group>"; };
		F06865331AAB0698008F5DB7 /* Images.xcassets */ = {isa = PBXFileReference; lastKnownFileType = folder.assetcatalog; path = Images.xcassets; sourceTree = "<group>"; };
		F06865361AAB0698008F5DB7 /* Base */ = {isa = PBXFileReference; lastKnownFileType = file.xib; name = Base; path = Base.lproj/LaunchScreen.xib; sourceTree = "<group>"; };
		F068653C1AAB0698008F5DB7 /* LocassaTestTests.xctest */ = {isa = PBXFileReference; explicitFileType = wrapper.cfbundle; includeInIndex = 0; path = LocassaTestTests.xctest; sourceTree = BUILT_PRODUCTS_DIR; };
		F06865411AAB0698008F5DB7 /* Info.plist */ = {isa = PBXFileReference; lastKnownFileType = text.plist.xml; path = Info.plist; sourceTree = "<group>"; };
		F06865421AAB0698008F5DB7 /* LocassaTestTests.m */ = {isa = PBXFileReference; lastKnownFileType = sourcecode.c.objc; path = LocassaTestTests.m; sourceTree = "<group>"; };
		F068654E1AAB07FF008F5DB7 /* Box.h */ = {isa = PBXFileReference; fileEncoding = 4; lastKnownFileType = sourcecode.c.h; name = Box.h; path = Model/Box.h; sourceTree = "<group>"; };
		F068654F1AAB07FF008F5DB7 /* Box.m */ = {isa = PBXFileReference; fileEncoding = 4; lastKnownFileType = sourcecode.c.objc; name = Box.m; path = Model/Box.m; sourceTree = "<group>"; };
		F06865531AAB09A8008F5DB7 /* UIColor+LocassaColours.h */ = {isa = PBXFileReference; fileEncoding = 4; lastKnownFileType = sourcecode.c.h; name = "UIColor+LocassaColours.h"; path = "Categories/UIColor+LocassaColours.h"; sourceTree = "<group>"; };
		F06865541AAB09A8008F5DB7 /* UIColor+LocassaColours.m */ = {isa = PBXFileReference; fileEncoding = 4; lastKnownFileType = sourcecode.c.objc; name = "UIColor+LocassaColours.m"; path = "Categories/UIColor+LocassaColours.m"; sourceTree = "<group>"; };
/* End PBXFileReference section */

/* Begin PBXFrameworksBuildPhase section */
		F06865201AAB0698008F5DB7 /* Frameworks */ = {
			isa = PBXFrameworksBuildPhase;
			buildActionMask = 2147483647;
			files = (
			);
			runOnlyForDeploymentPostprocessing = 0;
		};
		F06865391AAB0698008F5DB7 /* Frameworks */ = {
			isa = PBXFrameworksBuildPhase;
			buildActionMask = 2147483647;
			files = (
			);
			runOnlyForDeploymentPostprocessing = 0;
		};
/* End PBXFrameworksBuildPhase section */

/* Begin PBXGroup section */
		F068651A1AAB0698008F5DB7 = {
			isa = PBXGroup;
			children = (
				F06865251AAB0698008F5DB7 /* LocassaTest */,
				F068653F1AAB0698008F5DB7 /* LocassaTestTests */,
				F06865241AAB0698008F5DB7 /* Products */,
			);
			sourceTree = "<group>";
		};
		F06865241AAB0698008F5DB7 /* Products */ = {
			isa = PBXGroup;
			children = (
				F06865231AAB0698008F5DB7 /* LocassaTest.app */,
				F068653C1AAB0698008F5DB7 /* LocassaTestTests.xctest */,
			);
			name = Products;
			sourceTree = "<group>";
		};
		F06865251AAB0698008F5DB7 /* LocassaTest */ = {
			isa = PBXGroup;
			children = (
				F06865511AAB0906008F5DB7 /* Categories */,
				F068654C1AAB07C6008F5DB7 /* Model Objects */,
				F068652A1AAB0698008F5DB7 /* AppDelegate.h */,
				F068652B1AAB0698008F5DB7 /* AppDelegate.m */,
				F068652D1AAB0698008F5DB7 /* ViewController.h */,
				F068652E1AAB0698008F5DB7 /* ViewController.m */,
				F06865301AAB0698008F5DB7 /* Main.storyboard */,
				F06865331AAB0698008F5DB7 /* Images.xcassets */,
				F06865351AAB0698008F5DB7 /* LaunchScreen.xib */,
				F06865261AAB0698008F5DB7 /* Supporting Files */,
			);
			path = LocassaTest;
			sourceTree = "<group>";
		};
		F06865261AAB0698008F5DB7 /* Supporting Files */ = {
			isa = PBXGroup;
			children = (
				F06865271AAB0698008F5DB7 /* Info.plist */,
				F06865281AAB0698008F5DB7 /* main.m */,
			);
			name = "Supporting Files";
			sourceTree = "<group>";
		};
		F068653F1AAB0698008F5DB7 /* LocassaTestTests */ = {
			isa = PBXGroup;
			children = (
				F06865421AAB0698008F5DB7 /* LocassaTestTests.m */,
				F06865401AAB0698008F5DB7 /* Supporting Files */,
			);
			path = LocassaTestTests;
			sourceTree = "<group>";
		};
		F06865401AAB0698008F5DB7 /* Supporting Files */ = {
			isa = PBXGroup;
			children = (
				F06865411AAB0698008F5DB7 /* Info.plist */,
			);
			name = "Supporting Files";
			sourceTree = "<group>";
		};
		F068654C1AAB07C6008F5DB7 /* Model Objects */ = {
			isa = PBXGroup;
			children = (
				F068654E1AAB07FF008F5DB7 /* Box.h */,
				F068654F1AAB07FF008F5DB7 /* Box.m */,
			);
			name = "Model Objects";
			sourceTree = "<group>";
		};
		F06865511AAB0906008F5DB7 /* Categories */ = {
			isa = PBXGroup;
			children = (
				F06865531AAB09A8008F5DB7 /* UIColor+LocassaColours.h */,
				F06865541AAB09A8008F5DB7 /* UIColor+LocassaColours.m */,
			);
			name = Categories;
			sourceTree = "<group>";
		};
/* End PBXGroup section */

/* Begin PBXNativeTarget section */
		F06865221AAB0698008F5DB7 /* LocassaTest */ = {
			isa = PBXNativeTarget;
			buildConfigurationList = F06865461AAB0698008F5DB7 /* Build configuration list for PBXNativeTarget "LocassaTest" */;
			buildPhases = (
				F068651F1AAB0698008F5DB7 /* Sources */,
				F06865201AAB0698008F5DB7 /* Frameworks */,
				F06865211AAB0698008F5DB7 /* Resources */,
			);
			buildRules = (
			);
			dependencies = (
			);
			name = LocassaTest;
			productName = LocassaTest;
			productReference = F06865231AAB0698008F5DB7 /* LocassaTest.app */;
			productType = "com.apple.product-type.application";
		};
		F068653B1AAB0698008F5DB7 /* LocassaTestTests */ = {
			isa = PBXNativeTarget;
			buildConfigurationList = F06865491AAB0698008F5DB7 /* Build configuration list for PBXNativeTarget "LocassaTestTests" */;
			buildPhases = (
				F06865381AAB0698008F5DB7 /* Sources */,
				F06865391AAB0698008F5DB7 /* Frameworks */,
				F068653A1AAB0698008F5DB7 /* Resources */,
			);
			buildRules = (
			);
			dependencies = (
				F068653E1AAB0698008F5DB7 /* PBXTargetDependency */,
			);
			name = LocassaTestTests;
			productName = LocassaTestTests;
			productReference = F068653C1AAB0698008F5DB7 /* LocassaTestTests.xctest */;
			productType = "com.apple.product-type.bundle.unit-test";
		};
/* End PBXNativeTarget section */

/* Begin PBXProject section */
		F068651B1AAB0698008F5DB7 /* Project object */ = {
			isa = PBXProject;
			attributes = {
				LastUpgradeCheck = 0610;
				ORGANIZATIONNAME = "Ironworks Media Limited";
				TargetAttributes = {
					F06865221AAB0698008F5DB7 = {
						CreatedOnToolsVersion = 6.1.1;
					};
					F068653B1AAB0698008F5DB7 = {
						CreatedOnToolsVersion = 6.1.1;
						TestTargetID = F06865221AAB0698008F5DB7;
					};
				};
			};
			buildConfigurationList = F068651E1AAB0698008F5DB7 /* Build configuration list for PBXProject "LocassaTest" */;
			compatibilityVersion = "Xcode 3.2";
			developmentRegion = English;
			hasScannedForEncodings = 0;
			knownRegions = (
				en,
				Base,
			);
			mainGroup = F068651A1AAB0698008F5DB7;
			productRefGroup = F06865241AAB0698008F5DB7 /* Products */;
			projectDirPath = "";
			projectRoot = "";
			targets = (
				F06865221AAB0698008F5DB7 /* LocassaTest */,
				F068653B1AAB0698008F5DB7 /* LocassaTestTests */,
			);
		};
/* End PBXProject section */

/* Begin PBXResourcesBuildPhase section */
		F06865211AAB0698008F5DB7 /* Resources */ = {
			isa = PBXResourcesBuildPhase;
			buildActionMask = 2147483647;
			files = (
				F06865321AAB0698008F5DB7 /* Main.storyboard in Resources */,
				F06865371AAB0698008F5DB7 /* LaunchScreen.xib in Resources */,
				F06865341AAB0698008F5DB7 /* Images.xcassets in Resources */,
			);
			runOnlyForDeploymentPostprocessing = 0;
		};
		F068653A1AAB0698008F5DB7 /* Resources */ = {
			isa = PBXResourcesBuildPhase;
			buildActionMask = 2147483647;
			files = (
			);
			runOnlyForDeploymentPostprocessing = 0;
		};
/* End PBXResourcesBuildPhase section */

/* Begin PBXSourcesBuildPhase section */
		F068651F1AAB0698008F5DB7 /* Sources */ = {
			isa = PBXSourcesBuildPhase;
			buildActionMask = 2147483647;
			files = (
				F068652F1AAB0698008F5DB7 /* ViewController.m in Sources */,
				F06865501AAB07FF008F5DB7 /* Box.m in Sources */,
				F06865551AAB09A8008F5DB7 /* UIColor+LocassaColours.m in Sources */,
				F068652C1AAB0698008F5DB7 /* AppDelegate.m in Sources */,
				F06865291AAB0698008F5DB7 /* main.m in Sources */,
			);
			runOnlyForDeploymentPostprocessing = 0;
		};
		F06865381AAB0698008F5DB7 /* Sources */ = {
			isa = PBXSourcesBuildPhase;
			buildActionMask = 2147483647;
			files = (
				F06865431AAB0698008F5DB7 /* LocassaTestTests.m in Sources */,
			);
			runOnlyForDeploymentPostprocessing = 0;
		};
/* End PBXSourcesBuildPhase section */

/* Begin PBXTargetDependency section */
		F068653E1AAB0698008F5DB7 /* PBXTargetDependency */ = {
			isa = PBXTargetDependency;
			target = F06865221AAB0698008F5DB7 /* LocassaTest */;
			targetProxy = F068653D1AAB0698008F5DB7 /* PBXContainerItemProxy */;
		};
/* End PBXTargetDependency section */

/* Begin PBXVariantGroup section */
		F06865301AAB0698008F5DB7 /* Main.storyboard */ = {
			isa = PBXVariantGroup;
			children = (
				F06865311AAB0698008F5DB7 /* Base */,
			);
			name = Main.storyboard;
			sourceTree = "<group>";
		};
		F06865351AAB0698008F5DB7 /* LaunchScreen.xib */ = {
			isa = PBXVariantGroup;
			children = (
				F06865361AAB0698008F5DB7 /* Base */,
			);
			name = LaunchScreen.xib;
			sourceTree = "<group>";
		};
/* End PBXVariantGroup section */

/* Begin XCBuildConfiguration section */
		F06865441AAB0698008F5DB7 /* Debug */ = {
			isa = XCBuildConfiguration;
			buildSettings = {
				ALWAYS_SEARCH_USER_PATHS = NO;
				CLANG_CXX_LANGUAGE_STANDARD = "gnu++0x";
				CLANG_CXX_LIBRARY = "libc++";
				CLANG_ENABLE_MODULES = YES;
				CLANG_ENABLE_OBJC_ARC = YES;
				CLANG_WARN_BOOL_CONVERSION = YES;
				CLANG_WARN_CONSTANT_CONVERSION = YES;
				CLANG_WARN_DIRECT_OBJC_ISA_USAGE = YES_ERROR;
				CLANG_WARN_EMPTY_BODY = YES;
				CLANG_WARN_ENUM_CONVERSION = YES;
				CLANG_WARN_INT_CONVERSION = YES;
				CLANG_WARN_OBJC_ROOT_CLASS = YES_ERROR;
				CLANG_WARN_UNREACHABLE_CODE = YES;
				CLANG_WARN__DUPLICATE_METHOD_MATCH = YES;
				"CODE_SIGN_IDENTITY[sdk=iphoneos*]" = "iPhone Developer";
				COPY_PHASE_STRIP = NO;
				ENABLE_STRICT_OBJC_MSGSEND = YES;
				GCC_C_LANGUAGE_STANDARD = gnu99;
				GCC_DYNAMIC_NO_PIC = NO;
				GCC_OPTIMIZATION_LEVEL = 0;
				GCC_PREPROCESSOR_DEFINITIONS = (
					"DEBUG=1",
					"$(inherited)",
				);
				GCC_SYMBOLS_PRIVATE_EXTERN = NO;
				GCC_WARN_64_TO_32_BIT_CONVERSION = YES;
				GCC_WARN_ABOUT_RETURN_TYPE = YES_ERROR;
				GCC_WARN_UNDECLARED_SELECTOR = YES;
				GCC_WARN_UNINITIALIZED_AUTOS = YES_AGGRESSIVE;
				GCC_WARN_UNUSED_FUNCTION = YES;
				GCC_WARN_UNUSED_VARIABLE = YES;
				IPHONEOS_DEPLOYMENT_TARGET = 8.1;
				MTL_ENABLE_DEBUG_INFO = YES;
				ONLY_ACTIVE_ARCH = YES;
				SDKROOT = iphoneos;
			};
			name = Debug;
		};
		F06865451AAB0698008F5DB7 /* Release */ = {
			isa = XCBuildConfiguration;
			buildSettings = {
				ALWAYS_SEARCH_USER_PATHS = NO;
				CLANG_CXX_LANGUAGE_STANDARD = "gnu++0x";
				CLANG_CXX_LIBRARY = "libc++";
				CLANG_ENABLE_MODULES = YES;
				CLANG_ENABLE_OBJC_ARC = YES;
				CLANG_WARN_BOOL_CONVERSION = YES;
				CLANG_WARN_CONSTANT_CONVERSION = YES;
				CLANG_WARN_DIRECT_OBJC_ISA_USAGE = YES_ERROR;
				CLANG_WARN_EMPTY_BODY = YES;
				CLANG_WARN_ENUM_CONVERSION = YES;
				CLANG_WARN_INT_CONVERSION = YES;
				CLANG_WARN_OBJC_ROOT_CLASS = YES_ERROR;
				CLANG_WARN_UNREACHABLE_CODE = YES;
				CLANG_WARN__DUPLICATE_METHOD_MATCH = YES;
				"CODE_SIGN_IDENTITY[sdk=iphoneos*]" = "iPhone Developer";
				COPY_PHASE_STRIP = YES;
				ENABLE_NS_ASSERTIONS = NO;
				ENABLE_STRICT_OBJC_MSGSEND = YES;
				GCC_C_LANGUAGE_STANDARD = gnu99;
				GCC_WARN_64_TO_32_BIT_CONVERSION = YES;
				GCC_WARN_ABOUT_RETURN_TYPE = YES_ERROR;
				GCC_WARN_UNDECLARED_SELECTOR = YES;
				GCC_WARN_UNINITIALIZED_AUTOS = YES_AGGRESSIVE;
				GCC_WARN_UNUSED_FUNCTION = YES;
				GCC_WARN_UNUSED_VARIABLE = YES;
				IPHONEOS_DEPLOYMENT_TARGET = 8.1;
				MTL_ENABLE_DEBUG_INFO = NO;
				SDKROOT = iphoneos;
				VALIDATE_PRODUCT = YES;
			};
			name = Release;
		};
		F06865471AAB0698008F5DB7 /* Debug */ = {
			isa = XCBuildConfiguration;
			buildSettings = {
				ASSETCATALOG_COMPILER_APPICON_NAME = AppIcon;
				INFOPLIST_FILE = LocassaTest/Info.plist;
				LD_RUNPATH_SEARCH_PATHS = "$(inherited) @executable_path/Frameworks";
				PRODUCT_NAME = "$(TARGET_NAME)";
			};
			name = Debug;
		};
		F06865481AAB0698008F5DB7 /* Release */ = {
			isa = XCBuildConfiguration;
			buildSettings = {
				ASSETCATALOG_COMPILER_APPICON_NAME = AppIcon;
				INFOPLIST_FILE = LocassaTest/Info.plist;
				LD_RUNPATH_SEARCH_PATHS = "$(inherited) @executable_path/Frameworks";
				PRODUCT_NAME = "$(TARGET_NAME)";
			};
			name = Release;
		};
		F068654A1AAB0698008F5DB7 /* Debug */ = {
			isa = XCBuildConfiguration;
			buildSettings = {
				BUNDLE_LOADER = "$(TEST_HOST)";
				FRAMEWORK_SEARCH_PATHS = (
					"$(SDKROOT)/Developer/Library/Frameworks",
					"$(inherited)",
				);
				GCC_PREPROCESSOR_DEFINITIONS = (
					"DEBUG=1",
					"$(inherited)",
				);
				INFOPLIST_FILE = LocassaTestTests/Info.plist;
				LD_RUNPATH_SEARCH_PATHS = "$(inherited) @executable_path/Frameworks @loader_path/Frameworks";
				PRODUCT_NAME = "$(TARGET_NAME)";
				TEST_HOST = "$(BUILT_PRODUCTS_DIR)/LocassaTest.app/LocassaTest";
			};
			name = Debug;
		};
		F068654B1AAB0698008F5DB7 /* Release */ = {
			isa = XCBuildConfiguration;
			buildSettings = {
				BUNDLE_LOADER = "$(TEST_HOST)";
				FRAMEWORK_SEARCH_PATHS = (
					"$(SDKROOT)/Developer/Library/Frameworks",
					"$(inherited)",
				);
				INFOPLIST_FILE = LocassaTestTests/Info.plist;
				LD_RUNPATH_SEARCH_PATHS = "$(inherited) @executable_path/Frameworks @loader_path/Frameworks";
				PRODUCT_NAME = "$(TARGET_NAME)";
				TEST_HOST = "$(BUILT_PRODUCTS_DIR)/LocassaTest.app/LocassaTest";
			};
			name = Release;
		};
/* End XCBuildConfiguration section */

/* Begin XCConfigurationList section */
		F068651E1AAB0698008F5DB7 /* Build configuration list for PBXProject "LocassaTest" */ = {
			isa = XCConfigurationList;
			buildConfigurations = (
				F06865441AAB0698008F5DB7 /* Debug */,
				F06865451AAB0698008F5DB7 /* Release */,
			);
			defaultConfigurationIsVisible = 0;
			defaultConfigurationName = Release;
		};
		F06865461AAB0698008F5DB7 /* Build configuration list for PBXNativeTarget "LocassaTest" */ = {
			isa = XCConfigurationList;
			buildConfigurations = (
				F06865471AAB0698008F5DB7 /* Debug */,
				F06865481AAB0698008F5DB7 /* Release */,
			);
			defaultConfigurationIsVisible = 0;
		};
		F06865491AAB0698008F5DB7 /* Build configuration list for PBXNativeTarget "LocassaTestTests" */ = {
			isa = XCConfigurationList;
			buildConfigurations = (
				F068654A1AAB0698008F5DB7 /* Debug */,
				F068654B1AAB0698008F5DB7 /* Release */,
			);
			defaultConfigurationIsVisible = 0;
		};
/* End XCConfigurationList section */
	};
	rootObject = F068651B1AAB0698008F5DB7 /* Project object */;
}
